lockfileVersion: '9.0'

settings:
  autoInstallPeers: true
  excludeLinksFromLockfile: false

importers:

  .:
    dependencies:
      '@mistralai/mistralai':
        specifier: ^1.3.4
        version: 1.3.4(zod@3.23.8)

packages:

  '@mistralai/mistralai@1.3.4':
    resolution: {integrity: sha512-db5UhCXqH0N05XbXMR/2bSiGKIFUzS6p0sI9Nl2XDmJuDZIm+WRGTlsq60ALwhvKpHcQKzN5L58HIneksRrn9g==}
    peerDependencies:
      zod: '>= 3'

  zod@3.23.8:
    resolution: {integrity: sha512-XBx9AXhXktjUqnepgTiE5flcKIYWi/rme0Eaj+5Y0lftuGBq+jyRu/md4WnuxqgP1ubdpNCsYEYPxrzVHD8d6g==}

snapshots:

  '@mistralai/mistralai@1.3.4(zod@3.23.8)':
    dependencies:
      zod: 3.23.8

  zod@3.23.8: {}
